
Microsoft Visual Studio Solution File, Format Version 12.00
# Visual Studio 15
VisualStudioVersion = 15.0.28307.705
MinimumVisualStudioVersion = 10.0.40219.1
Project("{FAE04EC0-301F-11D3-BF4B-00C04F79EFBC}") = "mscFeedFunctionApp1", "mscFeedFunctionApp1\mscFeedFunctionApp1.csproj", "{AC9C7FEA-68F2-4318-9266-AC650D20B07B}"
EndProject
Global
	GlobalSection(SolutionConfigurationPlatforms) = preSolution
		Debug|Any CPU = Debug|Any CPU
		Release|Any CPU = Release|Any CPU
	EndGlobalSection
	GlobalSection(ProjectConfigurationPlatforms) = postSolution
		{AC9C7FEA-68F2-4318-9266-AC650D20B07B}.Debug|Any CPU.ActiveCfg = Debug|Any CPU
		{AC9C7FEA-68F2-4318-9266-AC650D20B07B}.Debug|Any CPU.Build.0 = Debug|Any CPU
		{AC9C7FEA-68F2-4318-9266-AC650D20B07B}.Release|Any CPU.ActiveCfg = Release|Any CPU
		{AC9C7FEA-68F2-4318-9266-AC650D20B07B}.Release|Any CPU.Build.0 = Release|Any CPU
	EndGlobalSection
	GlobalSection(SolutionProperties) = preSolution
		HideSolutionNode = FALSE
	EndGlobalSection
	GlobalSection(ExtensibilityGlobals) = postSolution
		SolutionGuid = {37410314-D313-4859-A8D2-37AAC8D3A18C}
	EndGlobalSection
EndGlobal
